{
    "version": 3,
    "terraform_version": "0.11.13",
    "serial": 9,
    "lineage": "b7787dee-f809-b45f-666f-0f06cb8110b8",
    "modules": [
        {
            "path": [
                "root"
            ],
            "outputs": {},
            "resources": {
                "cloudstack_network.veetu-subnet-1": {
                    "type": "cloudstack_network",
                    "depends_on": [
                        "cloudstack_vpc.default"
                    ],
                    "primary": {
                        "id": "6ddf9e97-58e4-497c-9e27-cbb5199dff94",
                        "attributes": {
                            "acl_id": "none",
                            "cidr": "10.0.1.0/24",
                            "display_text": "subnet-01 in the veetu-vpc-01 with subnet CIDR (10.0.1.0/24 / 10.0.0.0/16)",
                            "gateway": "10.0.1.1",
                            "id": "6ddf9e97-58e4-497c-9e27-cbb5199dff94",
                            "name": "veetu-subnet-01",
                            "network_domain": "cs2labs.vm",
                            "network_offering": "DefaultIsolatedNetworkOfferingForVpcNetworksNoLB",
                            "project": "",
                            "vpc_id": "33837f3e-093f-4d1f-af42-a0d33907922e",
                            "zone": "VeetuZone"
                        },
                        "meta": {},
                        "tainted": false
                    },
                    "deposed": [],
                    "provider": "provider.cloudstack"
                },
                "cloudstack_network_acl.default": {
                    "type": "cloudstack_network_acl",
                    "depends_on": [
                        "cloudstack_vpc.default"
                    ],
                    "primary": {
                        "id": "7ffc9cd8-e4e0-4102-9a18-4f9597a76988",
                        "attributes": {
                            "description": "nw-acl-01",
                            "id": "7ffc9cd8-e4e0-4102-9a18-4f9597a76988",
                            "name": "nw-acl-01",
                            "vpc_id": "33837f3e-093f-4d1f-af42-a0d33907922e"
                        },
                        "meta": {},
                        "tainted": false
                    },
                    "deposed": [],
                    "provider": "provider.cloudstack"
                },
                "cloudstack_network_acl_rule.default": {
                    "type": "cloudstack_network_acl_rule",
                    "depends_on": [
                        "cloudstack_network_acl.default"
                    ],
                    "primary": {
                        "id": "7ffc9cd8-e4e0-4102-9a18-4f9597a76988",
                        "attributes": {
                            "acl_id": "7ffc9cd8-e4e0-4102-9a18-4f9597a76988",
                            "id": "7ffc9cd8-e4e0-4102-9a18-4f9597a76988",
                            "managed": "false",
                            "parallelism": "2",
                            "rule.#": "1",
                            "rule.2021531715.action": "allow",
                            "rule.2021531715.cidr_list.#": "1",
                            "rule.2021531715.cidr_list.1080289494": "0.0.0.0/0",
                            "rule.2021531715.icmp_code": "0",
                            "rule.2021531715.icmp_type": "0",
                            "rule.2021531715.ports.#": "1",
                            "rule.2021531715.ports.4108050209": "0",
                            "rule.2021531715.protocol": "tcp",
                            "rule.2021531715.traffic_type": "ingress",
                            "rule.2021531715.uuids.%": "1",
                            "rule.2021531715.uuids.0": "a25ab42b-97d5-4c28-afb2-4ed9d73989fd"
                        },
                        "meta": {},
                        "tainted": false
                    },
                    "deposed": [],
                    "provider": "provider.cloudstack"
                },
                "cloudstack_vpc.default": {
                    "type": "cloudstack_vpc",
                    "depends_on": [],
                    "primary": {
                        "id": "33837f3e-093f-4d1f-af42-a0d33907922e",
                        "attributes": {
                            "cidr": "10.0.0.0/16",
                            "display_text": "vpc-01 in the VeetuZone-AZ",
                            "id": "33837f3e-093f-4d1f-af42-a0d33907922e",
                            "name": "veetu-vpc-01",
                            "network_domain": "cs2labs.vm",
                            "project": "",
                            "source_nat_ip": "192.168.1.191",
                            "tags.%": "0",
                            "vpc_offering": "Default VPC offering",
                            "zone": "VeetuZone"
                        },
                        "meta": {},
                        "tainted": false
                    },
                    "deposed": [],
                    "provider": "provider.cloudstack"
                }
            },
            "depends_on": []
        }
    ]
}
